
Microsoft Visual Studio Solution File, Format Version 12.00
# Visual Studio Version 17
VisualStudioVersion = 17.11.35312.102
MinimumVisualStudioVersion = 10.0.40219.1
Project("{FAE04EC0-301F-11D3-BF4B-00C04F79EFBC}") = "Labb3Moln", "Labb3Moln\Labb3Moln.csproj", "{863D9976-A49F-4040-8B55-037890ED6C22}"
EndProject
Global
	GlobalSection(SolutionConfigurationPlatforms) = preSolution
		Debug|Any CPU = Debug|Any CPU
		Release|Any CPU = Release|Any CPU
	EndGlobalSection
	GlobalSection(ProjectConfigurationPlatforms) = postSolution
		{863D9976-A49F-4040-8B55-037890ED6C22}.Debug|Any CPU.ActiveCfg = Debug|Any CPU
		{863D9976-A49F-4040-8B55-037890ED6C22}.Debug|Any CPU.Build.0 = Debug|Any CPU
		{863D9976-A49F-4040-8B55-037890ED6C22}.Release|Any CPU.ActiveCfg = Release|Any CPU
		{863D9976-A49F-4040-8B55-037890ED6C22}.Release|Any CPU.Build.0 = Release|Any CPU
	EndGlobalSection
	GlobalSection(SolutionProperties) = preSolution
		HideSolutionNode = FALSE
	EndGlobalSection
	GlobalSection(ExtensibilityGlobals) = postSolution
		SolutionGuid = {E60EDD58-6F6D-4016-ABC8-D0FB69FAE922}
	EndGlobalSection
EndGlobal
